
Microsoft Visual Studio Solution File, Format Version 12.00
# Visual Studio Version 17
VisualStudioVersion = 17.6.33829.357
MinimumVisualStudioVersion = 10.0.40219.1
Project("{9A19103F-16F7-4668-BE54-9A1E7A4F7556}") = "ProductManagement", "ProductManagement\ProductManagement.csproj", "{69D8BE17-0681-410C-A813-DB0D25965D06}"
EndProject
Project("{9A19103F-16F7-4668-BE54-9A1E7A4F7556}") = "ProductManagementAdapters", "ProductAppDAL\ProductManagementAdapters.csproj", "{2CC5B98B-69AF-4C0D-88B7-F0E5E3375D56}"
EndProject
Project("{9A19103F-16F7-4668-BE54-9A1E7A4F7556}") = "ProductManagementBusinessLibrary", "ProductManagement_BAL\ProductManagementBusinessLibrary.csproj", "{1A1164AF-F893-4DF8-9692-29B6C6EB3893}"
EndProject
Global
	GlobalSection(SolutionConfigurationPlatforms) = preSolution
		Debug|Any CPU = Debug|Any CPU
		Release|Any CPU = Release|Any CPU
	EndGlobalSection
	GlobalSection(ProjectConfigurationPlatforms) = postSolution
		{69D8BE17-0681-410C-A813-DB0D25965D06}.Debug|Any CPU.ActiveCfg = Debug|Any CPU
		{69D8BE17-0681-410C-A813-DB0D25965D06}.Debug|Any CPU.Build.0 = Debug|Any CPU
		{69D8BE17-0681-410C-A813-DB0D25965D06}.Release|Any CPU.ActiveCfg = Release|Any CPU
		{69D8BE17-0681-410C-A813-DB0D25965D06}.Release|Any CPU.Build.0 = Release|Any CPU
		{2CC5B98B-69AF-4C0D-88B7-F0E5E3375D56}.Debug|Any CPU.ActiveCfg = Debug|Any CPU
		{2CC5B98B-69AF-4C0D-88B7-F0E5E3375D56}.Debug|Any CPU.Build.0 = Debug|Any CPU
		{2CC5B98B-69AF-4C0D-88B7-F0E5E3375D56}.Release|Any CPU.ActiveCfg = Release|Any CPU
		{2CC5B98B-69AF-4C0D-88B7-F0E5E3375D56}.Release|Any CPU.Build.0 = Release|Any CPU
		{1A1164AF-F893-4DF8-9692-29B6C6EB3893}.Debug|Any CPU.ActiveCfg = Debug|Any CPU
		{1A1164AF-F893-4DF8-9692-29B6C6EB3893}.Debug|Any CPU.Build.0 = Debug|Any CPU
		{1A1164AF-F893-4DF8-9692-29B6C6EB3893}.Release|Any CPU.ActiveCfg = Release|Any CPU
		{1A1164AF-F893-4DF8-9692-29B6C6EB3893}.Release|Any CPU.Build.0 = Release|Any CPU
	EndGlobalSection
	GlobalSection(SolutionProperties) = preSolution
		HideSolutionNode = FALSE
	EndGlobalSection
	GlobalSection(ExtensibilityGlobals) = postSolution
		SolutionGuid = {A799EC7A-6A91-4171-BE1B-B0CC530E0994}
	EndGlobalSection
EndGlobal
